
Microsoft Visual Studio Solution File, Format Version 12.00
# Visual Studio Version 17
VisualStudioVersion = 17.0.31903.59
MinimumVisualStudioVersion = 10.0.40219.1
Project("{2150E333-8FDC-42A3-9474-1A3956D46DE8}") = "src", "src", "{827E0CD3-B72D-47B6-A68D-7590B98EB39B}"
EndProject
Project("{FAE04EC0-301F-11D3-BF4B-00C04F79EFBC}") = "Jellyfin.Plugin.ElegantFinTv", "src\Jellyfin.Plugin.ElegantFinTv\Jellyfin.Plugin.ElegantFinTv.csproj", "{88CF4EF6-180A-4AFB-84AC-81B1BE46C698}"
EndProject
Project("{2150E333-8FDC-42A3-9474-1A3956D46DE8}") = "tests", "tests", "{0AB3BF05-4346-4AA6-1389-037BE0695223}"
EndProject
Project("{FAE04EC0-301F-11D3-BF4B-00C04F79EFBC}") = "ServerChecks", "tests\ServerChecks\ServerChecks.csproj", "{D244B3D3-50F1-49C7-8E0C-45DF1AE7E302}"
EndProject
Global
	GlobalSection(SolutionConfigurationPlatforms) = preSolution
		Debug|Any CPU = Debug|Any CPU
		Debug|x64 = Debug|x64
		Debug|x86 = Debug|x86
		Release|Any CPU = Release|Any CPU
		Release|x64 = Release|x64
		Release|x86 = Release|x86
	EndGlobalSection
	GlobalSection(ProjectConfigurationPlatforms) = postSolution
		{88CF4EF6-180A-4AFB-84AC-81B1BE46C698}.Debug|Any CPU.ActiveCfg = Debug|Any CPU
		{88CF4EF6-180A-4AFB-84AC-81B1BE46C698}.Debug|Any CPU.Build.0 = Debug|Any CPU
		{88CF4EF6-180A-4AFB-84AC-81B1BE46C698}.Debug|x64.ActiveCfg = Debug|Any CPU
		{88CF4EF6-180A-4AFB-84AC-81B1BE46C698}.Debug|x64.Build.0 = Debug|Any CPU
		{88CF4EF6-180A-4AFB-84AC-81B1BE46C698}.Debug|x86.ActiveCfg = Debug|Any CPU
		{88CF4EF6-180A-4AFB-84AC-81B1BE46C698}.Debug|x86.Build.0 = Debug|Any CPU
		{88CF4EF6-180A-4AFB-84AC-81B1BE46C698}.Release|Any CPU.ActiveCfg = Release|Any CPU
		{88CF4EF6-180A-4AFB-84AC-81B1BE46C698}.Release|Any CPU.Build.0 = Release|Any CPU
		{88CF4EF6-180A-4AFB-84AC-81B1BE46C698}.Release|x64.ActiveCfg = Release|Any CPU
		{88CF4EF6-180A-4AFB-84AC-81B1BE46C698}.Release|x64.Build.0 = Release|Any CPU
		{88CF4EF6-180A-4AFB-84AC-81B1BE46C698}.Release|x86.ActiveCfg = Release|Any CPU
		{88CF4EF6-180A-4AFB-84AC-81B1BE46C698}.Release|x86.Build.0 = Release|Any CPU
		{D244B3D3-50F1-49C7-8E0C-45DF1AE7E302}.Debug|Any CPU.ActiveCfg = Debug|Any CPU
		{D244B3D3-50F1-49C7-8E0C-45DF1AE7E302}.Debug|Any CPU.Build.0 = Debug|Any CPU
		{D244B3D3-50F1-49C7-8E0C-45DF1AE7E302}.Debug|x64.ActiveCfg = Debug|Any CPU
		{D244B3D3-50F1-49C7-8E0C-45DF1AE7E302}.Debug|x64.Build.0 = Debug|Any CPU
		{D244B3D3-50F1-49C7-8E0C-45DF1AE7E302}.Debug|x86.ActiveCfg = Debug|Any CPU
		{D244B3D3-50F1-49C7-8E0C-45DF1AE7E302}.Debug|x86.Build.0 = Debug|Any CPU
		{D244B3D3-50F1-49C7-8E0C-45DF1AE7E302}.Release|Any CPU.ActiveCfg = Release|Any CPU
		{D244B3D3-50F1-49C7-8E0C-45DF1AE7E302}.Release|Any CPU.Build.0 = Release|Any CPU
		{D244B3D3-50F1-49C7-8E0C-45DF1AE7E302}.Release|x64.ActiveCfg = Release|Any CPU
		{D244B3D3-50F1-49C7-8E0C-45DF1AE7E302}.Release|x64.Build.0 = Release|Any CPU
		{D244B3D3-50F1-49C7-8E0C-45DF1AE7E302}.Release|x86.ActiveCfg = Release|Any CPU
		{D244B3D3-50F1-49C7-8E0C-45DF1AE7E302}.Release|x86.Build.0 = Release|Any CPU
	EndGlobalSection
	GlobalSection(SolutionProperties) = preSolution
		HideSolutionNode = FALSE
	EndGlobalSection
	GlobalSection(NestedProjects) = preSolution
		{88CF4EF6-180A-4AFB-84AC-81B1BE46C698} = {827E0CD3-B72D-47B6-A68D-7590B98EB39B}
		{D244B3D3-50F1-49C7-8E0C-45DF1AE7E302} = {0AB3BF05-4346-4AA6-1389-037BE0695223}
	EndGlobalSection
EndGlobal
